
Microsoft Visual Studio Solution File, Format Version 12.00
# Visual Studio Version 17
VisualStudioVersion = 17.11.35312.102
MinimumVisualStudioVersion = 10.0.40219.1
Project("{FAE04EC0-301F-11D3-BF4B-00C04F79EFBC}") = "WinFormsApp1", "task1\WinFormsApp1.csproj", "{CA1F5E5A-BBEE-01E6-0BDF-C19A5791314E}"
EndProject
Project("{FAE04EC0-301F-11D3-BF4B-00C04F79EFBC}") = "WinFormsApp2", "task2\WinFormsApp2.csproj", "{C6A8898F-017A-C0B9-D52C-8A88D69F77D7}"
EndProject
Project("{FAE04EC0-301F-11D3-BF4B-00C04F79EFBC}") = "WinFormsApp3", "task3\WinFormsApp3.csproj", "{AB3BBAB8-3E1D-7052-1BB9-850F909506F6}"
EndProject
Project("{FAE04EC0-301F-11D3-BF4B-00C04F79EFBC}") = "WinFormsApp4", "task4\WinFormsApp4.csproj", "{B0CE1D79-7ABD-E7B0-3B61-D4CD4007349B}"
EndProject
Global
	GlobalSection(SolutionConfigurationPlatforms) = preSolution
		Debug|Any CPU = Debug|Any CPU
		Release|Any CPU = Release|Any CPU
	EndGlobalSection
	GlobalSection(ProjectConfigurationPlatforms) = postSolution
		{CA1F5E5A-BBEE-01E6-0BDF-C19A5791314E}.Debug|Any CPU.ActiveCfg = Debug|Any CPU
		{CA1F5E5A-BBEE-01E6-0BDF-C19A5791314E}.Debug|Any CPU.Build.0 = Debug|Any CPU
		{CA1F5E5A-BBEE-01E6-0BDF-C19A5791314E}.Release|Any CPU.ActiveCfg = Release|Any CPU
		{CA1F5E5A-BBEE-01E6-0BDF-C19A5791314E}.Release|Any CPU.Build.0 = Release|Any CPU
		{C6A8898F-017A-C0B9-D52C-8A88D69F77D7}.Debug|Any CPU.ActiveCfg = Debug|Any CPU
		{C6A8898F-017A-C0B9-D52C-8A88D69F77D7}.Debug|Any CPU.Build.0 = Debug|Any CPU
		{C6A8898F-017A-C0B9-D52C-8A88D69F77D7}.Release|Any CPU.ActiveCfg = Release|Any CPU
		{C6A8898F-017A-C0B9-D52C-8A88D69F77D7}.Release|Any CPU.Build.0 = Release|Any CPU
		{AB3BBAB8-3E1D-7052-1BB9-850F909506F6}.Debug|Any CPU.ActiveCfg = Debug|Any CPU
		{AB3BBAB8-3E1D-7052-1BB9-850F909506F6}.Debug|Any CPU.Build.0 = Debug|Any CPU
		{AB3BBAB8-3E1D-7052-1BB9-850F909506F6}.Release|Any CPU.ActiveCfg = Release|Any CPU
		{AB3BBAB8-3E1D-7052-1BB9-850F909506F6}.Release|Any CPU.Build.0 = Release|Any CPU
		{B0CE1D79-7ABD-E7B0-3B61-D4CD4007349B}.Debug|Any CPU.ActiveCfg = Debug|Any CPU
		{B0CE1D79-7ABD-E7B0-3B61-D4CD4007349B}.Debug|Any CPU.Build.0 = Debug|Any CPU
		{B0CE1D79-7ABD-E7B0-3B61-D4CD4007349B}.Release|Any CPU.ActiveCfg = Release|Any CPU
		{B0CE1D79-7ABD-E7B0-3B61-D4CD4007349B}.Release|Any CPU.Build.0 = Release|Any CPU
	EndGlobalSection
	GlobalSection(SolutionProperties) = preSolution
		HideSolutionNode = FALSE
	EndGlobalSection
	GlobalSection(ExtensibilityGlobals) = postSolution
		SolutionGuid = {6A0B491E-8261-445F-8509-FDA91595B260}
	EndGlobalSection
EndGlobal
