
Microsoft Visual Studio Solution File, Format Version 12.00
# Visual Studio Version 17
VisualStudioVersion = 17.12.35707.178 d17.12
MinimumVisualStudioVersion = 10.0.40219.1
Project("{FAE04EC0-301F-11D3-BF4B-00C04F79EFBC}") = "zadanie1", "zadanie1\zadanie1.csproj", "{ABD2863E-2765-42B7-975E-18A1F0227662}"
EndProject
Project("{FAE04EC0-301F-11D3-BF4B-00C04F79EFBC}") = "zadanie2", "zadanie2\zadanie2.csproj", "{ADCDE393-D074-4282-ABCC-5CD1E0CE8506}"
EndProject
Global
	GlobalSection(SolutionConfigurationPlatforms) = preSolution
		Debug|Any CPU = Debug|Any CPU
		Release|Any CPU = Release|Any CPU
	EndGlobalSection
	GlobalSection(ProjectConfigurationPlatforms) = postSolution
		{ABD2863E-2765-42B7-975E-18A1F0227662}.Debug|Any CPU.ActiveCfg = Debug|Any CPU
		{ABD2863E-2765-42B7-975E-18A1F0227662}.Debug|Any CPU.Build.0 = Debug|Any CPU
		{ABD2863E-2765-42B7-975E-18A1F0227662}.Release|Any CPU.ActiveCfg = Release|Any CPU
		{ABD2863E-2765-42B7-975E-18A1F0227662}.Release|Any CPU.Build.0 = Release|Any CPU
		{ADCDE393-D074-4282-ABCC-5CD1E0CE8506}.Debug|Any CPU.ActiveCfg = Debug|Any CPU
		{ADCDE393-D074-4282-ABCC-5CD1E0CE8506}.Debug|Any CPU.Build.0 = Debug|Any CPU
		{ADCDE393-D074-4282-ABCC-5CD1E0CE8506}.Release|Any CPU.ActiveCfg = Release|Any CPU
		{ADCDE393-D074-4282-ABCC-5CD1E0CE8506}.Release|Any CPU.Build.0 = Release|Any CPU
	EndGlobalSection
	GlobalSection(SolutionProperties) = preSolution
		HideSolutionNode = FALSE
	EndGlobalSection
EndGlobal
