
Microsoft Visual Studio Solution File, Format Version 12.00
# Visual Studio Version 17
VisualStudioVersion = 17.12.35707.178 d17.12
MinimumVisualStudioVersion = 10.0.40219.1
Project("{FAE04EC0-301F-11D3-BF4B-00C04F79EFBC}") = "zadanie1", "zadanie1\zadanie1.csproj", "{74CCE26F-F904-4CD5-9448-B3F483181C0B}"
EndProject
Project("{FAE04EC0-301F-11D3-BF4B-00C04F79EFBC}") = "zadanie3", "zadanie3\zadanie3.csproj", "{08FFFB8C-C132-47A6-B1C2-5840EE688842}"
EndProject
Project("{FAE04EC0-301F-11D3-BF4B-00C04F79EFBC}") = "zadanie4", "zadanie4\zadanie4.csproj", "{4EF65158-A988-4B3D-935A-E4CAB343D486}"
EndProject
Global
	GlobalSection(SolutionConfigurationPlatforms) = preSolution
		Debug|Any CPU = Debug|Any CPU
		Release|Any CPU = Release|Any CPU
	EndGlobalSection
	GlobalSection(ProjectConfigurationPlatforms) = postSolution
		{74CCE26F-F904-4CD5-9448-B3F483181C0B}.Debug|Any CPU.ActiveCfg = Debug|Any CPU
		{74CCE26F-F904-4CD5-9448-B3F483181C0B}.Debug|Any CPU.Build.0 = Debug|Any CPU
		{74CCE26F-F904-4CD5-9448-B3F483181C0B}.Release|Any CPU.ActiveCfg = Release|Any CPU
		{74CCE26F-F904-4CD5-9448-B3F483181C0B}.Release|Any CPU.Build.0 = Release|Any CPU
		{08FFFB8C-C132-47A6-B1C2-5840EE688842}.Debug|Any CPU.ActiveCfg = Debug|Any CPU
		{08FFFB8C-C132-47A6-B1C2-5840EE688842}.Debug|Any CPU.Build.0 = Debug|Any CPU
		{08FFFB8C-C132-47A6-B1C2-5840EE688842}.Release|Any CPU.ActiveCfg = Release|Any CPU
		{08FFFB8C-C132-47A6-B1C2-5840EE688842}.Release|Any CPU.Build.0 = Release|Any CPU
		{4EF65158-A988-4B3D-935A-E4CAB343D486}.Debug|Any CPU.ActiveCfg = Debug|Any CPU
		{4EF65158-A988-4B3D-935A-E4CAB343D486}.Debug|Any CPU.Build.0 = Debug|Any CPU
		{4EF65158-A988-4B3D-935A-E4CAB343D486}.Release|Any CPU.ActiveCfg = Release|Any CPU
		{4EF65158-A988-4B3D-935A-E4CAB343D486}.Release|Any CPU.Build.0 = Release|Any CPU
	EndGlobalSection
	GlobalSection(SolutionProperties) = preSolution
		HideSolutionNode = FALSE
	EndGlobalSection
EndGlobal
