
Microsoft Visual Studio Solution File, Format Version 12.00
# Visual Studio Version 17
VisualStudioVersion = 17.12.35707.178 d17.12
MinimumVisualStudioVersion = 10.0.40219.1
Project("{FAE04EC0-301F-11D3-BF4B-00C04F79EFBC}") = "zadanie1", "zadanie1\zadanie1.csproj", "{1E08296C-3D5C-40AF-94A8-40A50695497F}"
EndProject
Project("{FAE04EC0-301F-11D3-BF4B-00C04F79EFBC}") = "zadanie2", "zadanie2\zadanie2.csproj", "{3B9ADD58-9758-4C51-A834-94FE4EFB71BD}"
EndProject
Project("{FAE04EC0-301F-11D3-BF4B-00C04F79EFBC}") = "zadanie3", "zadanie3\zadanie3.csproj", "{4BAEC1A0-BEEA-4524-AF92-CEB795F653F2}"
EndProject
Project("{FAE04EC0-301F-11D3-BF4B-00C04F79EFBC}") = "zadanie4", "zadanie4\zadanie4.csproj", "{8BB8BE04-C7E1-4A62-8831-58309131C371}"
EndProject
Project("{FAE04EC0-301F-11D3-BF4B-00C04F79EFBC}") = "zadanie5", "zadanie5\zadanie5.csproj", "{7D34ECA9-13F0-4789-844F-847AF6920E8A}"
EndProject
Project("{FAE04EC0-301F-11D3-BF4B-00C04F79EFBC}") = "zadanie6", "zadanie6\zadanie6.csproj", "{EB1BB88F-8A50-46F3-AFCB-E07A5D48D56C}"
EndProject
Project("{FAE04EC0-301F-11D3-BF4B-00C04F79EFBC}") = "zadanie7", "zadanie7\zadanie7.csproj", "{169284E5-1893-4DB9-BA85-233CABBC9D4F}"
EndProject
Global
	GlobalSection(SolutionConfigurationPlatforms) = preSolution
		Debug|Any CPU = Debug|Any CPU
		Release|Any CPU = Release|Any CPU
	EndGlobalSection
	GlobalSection(ProjectConfigurationPlatforms) = postSolution
		{1E08296C-3D5C-40AF-94A8-40A50695497F}.Debug|Any CPU.ActiveCfg = Debug|Any CPU
		{1E08296C-3D5C-40AF-94A8-40A50695497F}.Debug|Any CPU.Build.0 = Debug|Any CPU
		{1E08296C-3D5C-40AF-94A8-40A50695497F}.Release|Any CPU.ActiveCfg = Release|Any CPU
		{1E08296C-3D5C-40AF-94A8-40A50695497F}.Release|Any CPU.Build.0 = Release|Any CPU
		{3B9ADD58-9758-4C51-A834-94FE4EFB71BD}.Debug|Any CPU.ActiveCfg = Debug|Any CPU
		{3B9ADD58-9758-4C51-A834-94FE4EFB71BD}.Debug|Any CPU.Build.0 = Debug|Any CPU
		{3B9ADD58-9758-4C51-A834-94FE4EFB71BD}.Release|Any CPU.ActiveCfg = Release|Any CPU
		{3B9ADD58-9758-4C51-A834-94FE4EFB71BD}.Release|Any CPU.Build.0 = Release|Any CPU
		{4BAEC1A0-BEEA-4524-AF92-CEB795F653F2}.Debug|Any CPU.ActiveCfg = Debug|Any CPU
		{4BAEC1A0-BEEA-4524-AF92-CEB795F653F2}.Debug|Any CPU.Build.0 = Debug|Any CPU
		{4BAEC1A0-BEEA-4524-AF92-CEB795F653F2}.Release|Any CPU.ActiveCfg = Release|Any CPU
		{4BAEC1A0-BEEA-4524-AF92-CEB795F653F2}.Release|Any CPU.Build.0 = Release|Any CPU
		{8BB8BE04-C7E1-4A62-8831-58309131C371}.Debug|Any CPU.ActiveCfg = Debug|Any CPU
		{8BB8BE04-C7E1-4A62-8831-58309131C371}.Debug|Any CPU.Build.0 = Debug|Any CPU
		{8BB8BE04-C7E1-4A62-8831-58309131C371}.Release|Any CPU.ActiveCfg = Release|Any CPU
		{8BB8BE04-C7E1-4A62-8831-58309131C371}.Release|Any CPU.Build.0 = Release|Any CPU
		{7D34ECA9-13F0-4789-844F-847AF6920E8A}.Debug|Any CPU.ActiveCfg = Debug|Any CPU
		{7D34ECA9-13F0-4789-844F-847AF6920E8A}.Debug|Any CPU.Build.0 = Debug|Any CPU
		{7D34ECA9-13F0-4789-844F-847AF6920E8A}.Release|Any CPU.ActiveCfg = Release|Any CPU
		{7D34ECA9-13F0-4789-844F-847AF6920E8A}.Release|Any CPU.Build.0 = Release|Any CPU
		{EB1BB88F-8A50-46F3-AFCB-E07A5D48D56C}.Debug|Any CPU.ActiveCfg = Debug|Any CPU
		{EB1BB88F-8A50-46F3-AFCB-E07A5D48D56C}.Debug|Any CPU.Build.0 = Debug|Any CPU
		{EB1BB88F-8A50-46F3-AFCB-E07A5D48D56C}.Release|Any CPU.ActiveCfg = Release|Any CPU
		{EB1BB88F-8A50-46F3-AFCB-E07A5D48D56C}.Release|Any CPU.Build.0 = Release|Any CPU
		{169284E5-1893-4DB9-BA85-233CABBC9D4F}.Debug|Any CPU.ActiveCfg = Debug|Any CPU
		{169284E5-1893-4DB9-BA85-233CABBC9D4F}.Debug|Any CPU.Build.0 = Debug|Any CPU
		{169284E5-1893-4DB9-BA85-233CABBC9D4F}.Release|Any CPU.ActiveCfg = Release|Any CPU
		{169284E5-1893-4DB9-BA85-233CABBC9D4F}.Release|Any CPU.Build.0 = Release|Any CPU
	EndGlobalSection
	GlobalSection(SolutionProperties) = preSolution
		HideSolutionNode = FALSE
	EndGlobalSection
EndGlobal
