
Microsoft Visual Studio Solution File, Format Version 12.00
# Visual Studio Version 17
VisualStudioVersion = 17.12.35707.178 d17.12
MinimumVisualStudioVersion = 10.0.40219.1
Project("{FAE04EC0-301F-11D3-BF4B-00C04F79EFBC}") = "zadanie1", "zadanie1\zadanie1.csproj", "{EB2A8042-BF0A-4193-930C-372E11650BF6}"
EndProject
Project("{FAE04EC0-301F-11D3-BF4B-00C04F79EFBC}") = "zadanie2", "zadanie2\zadanie2.csproj", "{73C9EC58-BCC1-4DFE-97F6-B084BCF0F108}"
EndProject
Global
	GlobalSection(SolutionConfigurationPlatforms) = preSolution
		Debug|Any CPU = Debug|Any CPU
		Release|Any CPU = Release|Any CPU
	EndGlobalSection
	GlobalSection(ProjectConfigurationPlatforms) = postSolution
		{EB2A8042-BF0A-4193-930C-372E11650BF6}.Debug|Any CPU.ActiveCfg = Debug|Any CPU
		{EB2A8042-BF0A-4193-930C-372E11650BF6}.Debug|Any CPU.Build.0 = Debug|Any CPU
		{EB2A8042-BF0A-4193-930C-372E11650BF6}.Release|Any CPU.ActiveCfg = Release|Any CPU
		{EB2A8042-BF0A-4193-930C-372E11650BF6}.Release|Any CPU.Build.0 = Release|Any CPU
		{73C9EC58-BCC1-4DFE-97F6-B084BCF0F108}.Debug|Any CPU.ActiveCfg = Debug|Any CPU
		{73C9EC58-BCC1-4DFE-97F6-B084BCF0F108}.Debug|Any CPU.Build.0 = Debug|Any CPU
		{73C9EC58-BCC1-4DFE-97F6-B084BCF0F108}.Release|Any CPU.ActiveCfg = Release|Any CPU
		{73C9EC58-BCC1-4DFE-97F6-B084BCF0F108}.Release|Any CPU.Build.0 = Release|Any CPU
	EndGlobalSection
	GlobalSection(SolutionProperties) = preSolution
		HideSolutionNode = FALSE
	EndGlobalSection
EndGlobal
