
Microsoft Visual Studio Solution File, Format Version 12.00
# Visual Studio Version 17
VisualStudioVersion = 17.12.35707.178
MinimumVisualStudioVersion = 10.0.40219.1
Project("{FAE04EC0-301F-11D3-BF4B-00C04F79EFBC}") = "zadanie1", "zadanie1\zadanie1.csproj", "{A7F8173F-775C-433E-BB08-14DC1C2657F0}"
EndProject
Project("{FAE04EC0-301F-11D3-BF4B-00C04F79EFBC}") = "zadanie2", "zadanie2\zadanie2.csproj", "{DE056E48-8BED-4EE4-8008-C450C76F7388}"
EndProject
Project("{FAE04EC0-301F-11D3-BF4B-00C04F79EFBC}") = "zadanie3", "zadanie3\zadanie3.csproj", "{5DB76A51-E5F3-4F03-9DCA-59F9846CAA5A}"
EndProject
Project("{FAE04EC0-301F-11D3-BF4B-00C04F79EFBC}") = "zadanie4", "zadanie4\zadanie4.csproj", "{7A59C933-2829-45F4-8978-0FE2B6902BD3}"
EndProject
Project("{FAE04EC0-301F-11D3-BF4B-00C04F79EFBC}") = "zadanie5", "zadanie5\zadanie5.csproj", "{5CCE8DF4-F903-4AA8-AEB0-45F72263D0F4}"
EndProject
Project("{FAE04EC0-301F-11D3-BF4B-00C04F79EFBC}") = "zadanie6", "zadanie6\zadanie6.csproj", "{04DE18A7-557B-4501-B4B4-9210076D50B6}"
EndProject
Project("{FAE04EC0-301F-11D3-BF4B-00C04F79EFBC}") = "zadanie7", "zadanie7\zadanie7.csproj", "{7DF7EDDF-3DC5-457F-BB42-ECB7FC560EA1}"
EndProject
Project("{FAE04EC0-301F-11D3-BF4B-00C04F79EFBC}") = "zadanie8", "zadanie8\zadanie8.csproj", "{AE20734F-54F2-4D0F-8B33-EFAD897A429F}"
EndProject
Project("{FAE04EC0-301F-11D3-BF4B-00C04F79EFBC}") = "zadanie9", "zadanie9\zadanie9.csproj", "{35FD09EF-7D61-43CD-A54A-8279C71F331A}"
EndProject
Project("{FAE04EC0-301F-11D3-BF4B-00C04F79EFBC}") = "zadanie10", "zadanie10\zadanie10.csproj", "{F47BCD2C-0319-4E42-B730-AA7AFD8AE167}"
EndProject
Global
	GlobalSection(SolutionConfigurationPlatforms) = preSolution
		Debug|Any CPU = Debug|Any CPU
		Release|Any CPU = Release|Any CPU
	EndGlobalSection
	GlobalSection(ProjectConfigurationPlatforms) = postSolution
		{A7F8173F-775C-433E-BB08-14DC1C2657F0}.Debug|Any CPU.ActiveCfg = Debug|Any CPU
		{A7F8173F-775C-433E-BB08-14DC1C2657F0}.Debug|Any CPU.Build.0 = Debug|Any CPU
		{A7F8173F-775C-433E-BB08-14DC1C2657F0}.Release|Any CPU.ActiveCfg = Release|Any CPU
		{A7F8173F-775C-433E-BB08-14DC1C2657F0}.Release|Any CPU.Build.0 = Release|Any CPU
		{DE056E48-8BED-4EE4-8008-C450C76F7388}.Debug|Any CPU.ActiveCfg = Debug|Any CPU
		{DE056E48-8BED-4EE4-8008-C450C76F7388}.Debug|Any CPU.Build.0 = Debug|Any CPU
		{DE056E48-8BED-4EE4-8008-C450C76F7388}.Release|Any CPU.ActiveCfg = Release|Any CPU
		{DE056E48-8BED-4EE4-8008-C450C76F7388}.Release|Any CPU.Build.0 = Release|Any CPU
		{5DB76A51-E5F3-4F03-9DCA-59F9846CAA5A}.Debug|Any CPU.ActiveCfg = Debug|Any CPU
		{5DB76A51-E5F3-4F03-9DCA-59F9846CAA5A}.Debug|Any CPU.Build.0 = Debug|Any CPU
		{5DB76A51-E5F3-4F03-9DCA-59F9846CAA5A}.Release|Any CPU.ActiveCfg = Release|Any CPU
		{5DB76A51-E5F3-4F03-9DCA-59F9846CAA5A}.Release|Any CPU.Build.0 = Release|Any CPU
		{7A59C933-2829-45F4-8978-0FE2B6902BD3}.Debug|Any CPU.ActiveCfg = Debug|Any CPU
		{7A59C933-2829-45F4-8978-0FE2B6902BD3}.Debug|Any CPU.Build.0 = Debug|Any CPU
		{7A59C933-2829-45F4-8978-0FE2B6902BD3}.Release|Any CPU.ActiveCfg = Release|Any CPU
		{7A59C933-2829-45F4-8978-0FE2B6902BD3}.Release|Any CPU.Build.0 = Release|Any CPU
		{5CCE8DF4-F903-4AA8-AEB0-45F72263D0F4}.Debug|Any CPU.ActiveCfg = Debug|Any CPU
		{5CCE8DF4-F903-4AA8-AEB0-45F72263D0F4}.Debug|Any CPU.Build.0 = Debug|Any CPU
		{5CCE8DF4-F903-4AA8-AEB0-45F72263D0F4}.Release|Any CPU.ActiveCfg = Release|Any CPU
		{5CCE8DF4-F903-4AA8-AEB0-45F72263D0F4}.Release|Any CPU.Build.0 = Release|Any CPU
		{04DE18A7-557B-4501-B4B4-9210076D50B6}.Debug|Any CPU.ActiveCfg = Debug|Any CPU
		{04DE18A7-557B-4501-B4B4-9210076D50B6}.Debug|Any CPU.Build.0 = Debug|Any CPU
		{04DE18A7-557B-4501-B4B4-9210076D50B6}.Release|Any CPU.ActiveCfg = Release|Any CPU
		{04DE18A7-557B-4501-B4B4-9210076D50B6}.Release|Any CPU.Build.0 = Release|Any CPU
		{7DF7EDDF-3DC5-457F-BB42-ECB7FC560EA1}.Debug|Any CPU.ActiveCfg = Debug|Any CPU
		{7DF7EDDF-3DC5-457F-BB42-ECB7FC560EA1}.Debug|Any CPU.Build.0 = Debug|Any CPU
		{7DF7EDDF-3DC5-457F-BB42-ECB7FC560EA1}.Release|Any CPU.ActiveCfg = Release|Any CPU
		{7DF7EDDF-3DC5-457F-BB42-ECB7FC560EA1}.Release|Any CPU.Build.0 = Release|Any CPU
		{AE20734F-54F2-4D0F-8B33-EFAD897A429F}.Debug|Any CPU.ActiveCfg = Debug|Any CPU
		{AE20734F-54F2-4D0F-8B33-EFAD897A429F}.Debug|Any CPU.Build.0 = Debug|Any CPU
		{AE20734F-54F2-4D0F-8B33-EFAD897A429F}.Release|Any CPU.ActiveCfg = Release|Any CPU
		{AE20734F-54F2-4D0F-8B33-EFAD897A429F}.Release|Any CPU.Build.0 = Release|Any CPU
		{35FD09EF-7D61-43CD-A54A-8279C71F331A}.Debug|Any CPU.ActiveCfg = Debug|Any CPU
		{35FD09EF-7D61-43CD-A54A-8279C71F331A}.Debug|Any CPU.Build.0 = Debug|Any CPU
		{35FD09EF-7D61-43CD-A54A-8279C71F331A}.Release|Any CPU.ActiveCfg = Release|Any CPU
		{35FD09EF-7D61-43CD-A54A-8279C71F331A}.Release|Any CPU.Build.0 = Release|Any CPU
		{F47BCD2C-0319-4E42-B730-AA7AFD8AE167}.Debug|Any CPU.ActiveCfg = Debug|Any CPU
		{F47BCD2C-0319-4E42-B730-AA7AFD8AE167}.Debug|Any CPU.Build.0 = Debug|Any CPU
		{F47BCD2C-0319-4E42-B730-AA7AFD8AE167}.Release|Any CPU.ActiveCfg = Release|Any CPU
		{F47BCD2C-0319-4E42-B730-AA7AFD8AE167}.Release|Any CPU.Build.0 = Release|Any CPU
	EndGlobalSection
	GlobalSection(SolutionProperties) = preSolution
		HideSolutionNode = FALSE
	EndGlobalSection
EndGlobal
