
Microsoft Visual Studio Solution File, Format Version 12.00
# Visual Studio Version 17
VisualStudioVersion = 17.12.35707.178 d17.12
MinimumVisualStudioVersion = 10.0.40219.1
Project("{FAE04EC0-301F-11D3-BF4B-00C04F79EFBC}") = "zadanie1", "zadanie1\zadanie1.csproj", "{4AD3340C-EEC5-44BF-B136-DC456B010FF9}"
EndProject
Project("{FAE04EC0-301F-11D3-BF4B-00C04F79EFBC}") = "zadanie2", "zadanie2\zadanie2.csproj", "{901FF438-A95C-41F8-95D1-AEBA72A2BCD0}"
EndProject
Project("{FAE04EC0-301F-11D3-BF4B-00C04F79EFBC}") = "zadanie3", "zadanie3\zadanie3.csproj", "{BFF7C8B7-9E69-486A-BC31-09F7BD362070}"
EndProject
Project("{FAE04EC0-301F-11D3-BF4B-00C04F79EFBC}") = "zadanie4", "zadanie4\zadanie4.csproj", "{BDF4C766-E639-40BD-A4EC-A16FBDBC0B65}"
EndProject
Global
	GlobalSection(SolutionConfigurationPlatforms) = preSolution
		Debug|Any CPU = Debug|Any CPU
		Release|Any CPU = Release|Any CPU
	EndGlobalSection
	GlobalSection(ProjectConfigurationPlatforms) = postSolution
		{4AD3340C-EEC5-44BF-B136-DC456B010FF9}.Debug|Any CPU.ActiveCfg = Debug|Any CPU
		{4AD3340C-EEC5-44BF-B136-DC456B010FF9}.Debug|Any CPU.Build.0 = Debug|Any CPU
		{4AD3340C-EEC5-44BF-B136-DC456B010FF9}.Release|Any CPU.ActiveCfg = Release|Any CPU
		{4AD3340C-EEC5-44BF-B136-DC456B010FF9}.Release|Any CPU.Build.0 = Release|Any CPU
		{901FF438-A95C-41F8-95D1-AEBA72A2BCD0}.Debug|Any CPU.ActiveCfg = Debug|Any CPU
		{901FF438-A95C-41F8-95D1-AEBA72A2BCD0}.Debug|Any CPU.Build.0 = Debug|Any CPU
		{901FF438-A95C-41F8-95D1-AEBA72A2BCD0}.Release|Any CPU.ActiveCfg = Release|Any CPU
		{901FF438-A95C-41F8-95D1-AEBA72A2BCD0}.Release|Any CPU.Build.0 = Release|Any CPU
		{BFF7C8B7-9E69-486A-BC31-09F7BD362070}.Debug|Any CPU.ActiveCfg = Debug|Any CPU
		{BFF7C8B7-9E69-486A-BC31-09F7BD362070}.Debug|Any CPU.Build.0 = Debug|Any CPU
		{BFF7C8B7-9E69-486A-BC31-09F7BD362070}.Release|Any CPU.ActiveCfg = Release|Any CPU
		{BFF7C8B7-9E69-486A-BC31-09F7BD362070}.Release|Any CPU.Build.0 = Release|Any CPU
		{BDF4C766-E639-40BD-A4EC-A16FBDBC0B65}.Debug|Any CPU.ActiveCfg = Debug|Any CPU
		{BDF4C766-E639-40BD-A4EC-A16FBDBC0B65}.Debug|Any CPU.Build.0 = Debug|Any CPU
		{BDF4C766-E639-40BD-A4EC-A16FBDBC0B65}.Release|Any CPU.ActiveCfg = Release|Any CPU
		{BDF4C766-E639-40BD-A4EC-A16FBDBC0B65}.Release|Any CPU.Build.0 = Release|Any CPU
	EndGlobalSection
	GlobalSection(SolutionProperties) = preSolution
		HideSolutionNode = FALSE
	EndGlobalSection
EndGlobal
